
Microsoft Visual Studio Solution File, Format Version 12.00
# Visual Studio Version 17
VisualStudioVersion = 17.14.36127.28 d17.14
MinimumVisualStudioVersion = 10.0.40219.1
Project("{FAE04EC0-301F-11D3-BF4B-00C04F79EFBC}") = "PRN232.LMS.API", "PRN232.LMS.API\PRN232.LMS.API.csproj", "{CAF93FE3-D99A-4D0D-9580-78498A12484E}"
EndProject
Project("{FAE04EC0-301F-11D3-BF4B-00C04F79EFBC}") = "PRN232.LMS.Services", "PRN232.LMS.Services\PRN232.LMS.Services.csproj", "{07A239C6-0DE2-4164-89E5-0DF6B56950FF}"
EndProject
Project("{FAE04EC0-301F-11D3-BF4B-00C04F79EFBC}") = "PRN232.LMS.Repositories", "PRN232.LMS.Repositories\PRN232.LMS.Repositories.csproj", "{887B34C7-ADA6-49E4-87F0-A8ACA9A95497}"
EndProject
Global
	GlobalSection(SolutionConfigurationPlatforms) = preSolution
		Debug|Any CPU = Debug|Any CPU
		Release|Any CPU = Release|Any CPU
	EndGlobalSection
	GlobalSection(ProjectConfigurationPlatforms) = postSolution
		{CAF93FE3-D99A-4D0D-9580-78498A12484E}.Debug|Any CPU.ActiveCfg = Debug|Any CPU
		{CAF93FE3-D99A-4D0D-9580-78498A12484E}.Debug|Any CPU.Build.0 = Debug|Any CPU
		{CAF93FE3-D99A-4D0D-9580-78498A12484E}.Release|Any CPU.ActiveCfg = Release|Any CPU
		{CAF93FE3-D99A-4D0D-9580-78498A12484E}.Release|Any CPU.Build.0 = Release|Any CPU
		{07A239C6-0DE2-4164-89E5-0DF6B56950FF}.Debug|Any CPU.ActiveCfg = Debug|Any CPU
		{07A239C6-0DE2-4164-89E5-0DF6B56950FF}.Debug|Any CPU.Build.0 = Debug|Any CPU
		{07A239C6-0DE2-4164-89E5-0DF6B56950FF}.Release|Any CPU.ActiveCfg = Release|Any CPU
		{07A239C6-0DE2-4164-89E5-0DF6B56950FF}.Release|Any CPU.Build.0 = Release|Any CPU
		{887B34C7-ADA6-49E4-87F0-A8ACA9A95497}.Debug|Any CPU.ActiveCfg = Debug|Any CPU
		{887B34C7-ADA6-49E4-87F0-A8ACA9A95497}.Debug|Any CPU.Build.0 = Debug|Any CPU
		{887B34C7-ADA6-49E4-87F0-A8ACA9A95497}.Release|Any CPU.ActiveCfg = Release|Any CPU
		{887B34C7-ADA6-49E4-87F0-A8ACA9A95497}.Release|Any CPU.Build.0 = Release|Any CPU
	EndGlobalSection
	GlobalSection(SolutionProperties) = preSolution
		HideSolutionNode = FALSE
	EndGlobalSection
	GlobalSection(ExtensibilityGlobals) = postSolution
		SolutionGuid = {9E1306A1-BD78-40A4-9670-1828D94C0400}
	EndGlobalSection
EndGlobal
